
Microsoft Visual Studio Solution File, Format Version 12.00
# Visual Studio Version 17
VisualStudioVersion = 17.9.34622.214
MinimumVisualStudioVersion = 10.0.40219.1
Project("{FAE04EC0-301F-11D3-BF4B-00C04F79EFBC}") = "FinalZhGyakorlas", "FinalZhGyakorlas\FinalZhGyakorlas.csproj", "{2889270F-6297-4891-9554-0D0B0F73F9EB}"
EndProject
Global
	GlobalSection(SolutionConfigurationPlatforms) = preSolution
		Debug|Any CPU = Debug|Any CPU
		Release|Any CPU = Release|Any CPU
	EndGlobalSection
	GlobalSection(ProjectConfigurationPlatforms) = postSolution
		{2889270F-6297-4891-9554-0D0B0F73F9EB}.Debug|Any CPU.ActiveCfg = Debug|Any CPU
		{2889270F-6297-4891-9554-0D0B0F73F9EB}.Debug|Any CPU.Build.0 = Debug|Any CPU
		{2889270F-6297-4891-9554-0D0B0F73F9EB}.Release|Any CPU.ActiveCfg = Release|Any CPU
		{2889270F-6297-4891-9554-0D0B0F73F9EB}.Release|Any CPU.Build.0 = Release|Any CPU
	EndGlobalSection
	GlobalSection(SolutionProperties) = preSolution
		HideSolutionNode = FALSE
	EndGlobalSection
	GlobalSection(ExtensibilityGlobals) = postSolution
		SolutionGuid = {29632B2D-8B6D-48C8-A126-4736E4D50216}
	EndGlobalSection
EndGlobal
